
Microsoft Visual Studio Solution File, Format Version 12.00
# Visual Studio 15
VisualStudioVersion = 15.0.28307.489
MinimumVisualStudioVersion = 10.0.40219.1
Project("{FAE04EC0-301F-11D3-BF4B-00C04F79EFBC}") = "KataBowling", "KataBowling\KataBowling.csproj", "{283308B6-B9BB-4D98-ABED-7EAA6B18EFAD}"
EndProject
Project("{FAE04EC0-301F-11D3-BF4B-00C04F79EFBC}") = "KataBowling.Core", "KataBowling.Core\KataBowling.Core.csproj", "{1826DBB6-3D50-42D4-9712-7B28D5C602B0}"
EndProject
Project("{FAE04EC0-301F-11D3-BF4B-00C04F79EFBC}") = "KataBowling.Core.Tests", "KataBowling.Core.Tests\KataBowling.Core.Tests.csproj", "{C9836FCC-F9CD-41D6-B578-BF92631290D2}"
EndProject
Global
	GlobalSection(SolutionConfigurationPlatforms) = preSolution
		Debug|Any CPU = Debug|Any CPU
		Release|Any CPU = Release|Any CPU
	EndGlobalSection
	GlobalSection(ProjectConfigurationPlatforms) = postSolution
		{283308B6-B9BB-4D98-ABED-7EAA6B18EFAD}.Debug|Any CPU.ActiveCfg = Debug|Any CPU
		{283308B6-B9BB-4D98-ABED-7EAA6B18EFAD}.Debug|Any CPU.Build.0 = Debug|Any CPU
		{283308B6-B9BB-4D98-ABED-7EAA6B18EFAD}.Release|Any CPU.ActiveCfg = Release|Any CPU
		{283308B6-B9BB-4D98-ABED-7EAA6B18EFAD}.Release|Any CPU.Build.0 = Release|Any CPU
		{1826DBB6-3D50-42D4-9712-7B28D5C602B0}.Debug|Any CPU.ActiveCfg = Debug|Any CPU
		{1826DBB6-3D50-42D4-9712-7B28D5C602B0}.Debug|Any CPU.Build.0 = Debug|Any CPU
		{1826DBB6-3D50-42D4-9712-7B28D5C602B0}.Release|Any CPU.ActiveCfg = Release|Any CPU
		{1826DBB6-3D50-42D4-9712-7B28D5C602B0}.Release|Any CPU.Build.0 = Release|Any CPU
		{C9836FCC-F9CD-41D6-B578-BF92631290D2}.Debug|Any CPU.ActiveCfg = Debug|Any CPU
		{C9836FCC-F9CD-41D6-B578-BF92631290D2}.Debug|Any CPU.Build.0 = Debug|Any CPU
		{C9836FCC-F9CD-41D6-B578-BF92631290D2}.Release|Any CPU.ActiveCfg = Release|Any CPU
		{C9836FCC-F9CD-41D6-B578-BF92631290D2}.Release|Any CPU.Build.0 = Release|Any CPU
	EndGlobalSection
	GlobalSection(SolutionProperties) = preSolution
		HideSolutionNode = FALSE
	EndGlobalSection
	GlobalSection(ExtensibilityGlobals) = postSolution
		SolutionGuid = {E8F61B6F-7F95-43B2-81AF-1A123AE42675}
	EndGlobalSection
EndGlobal
